
Microsoft Visual Studio Solution File, Format Version 12.00
# Visual Studio Version 17
VisualStudioVersion = 17.4.33110.190
MinimumVisualStudioVersion = 10.0.40219.1
Project("{FAE04EC0-301F-11D3-BF4B-00C04F79EFBC}") = "AdminBackend", "AdminBackend\AdminBackend.csproj", "{3CD73BC9-A712-4528-A931-55B73477CBF6}"
EndProject
Global
	GlobalSection(SolutionConfigurationPlatforms) = preSolution
		Debug|Any CPU = Debug|Any CPU
		Release|Any CPU = Release|Any CPU
	EndGlobalSection
	GlobalSection(ProjectConfigurationPlatforms) = postSolution
		{3CD73BC9-A712-4528-A931-55B73477CBF6}.Debug|Any CPU.ActiveCfg = Debug|Any CPU
		{3CD73BC9-A712-4528-A931-55B73477CBF6}.Debug|Any CPU.Build.0 = Debug|Any CPU
		{3CD73BC9-A712-4528-A931-55B73477CBF6}.Release|Any CPU.ActiveCfg = Release|Any CPU
		{3CD73BC9-A712-4528-A931-55B73477CBF6}.Release|Any CPU.Build.0 = Release|Any CPU
	EndGlobalSection
	GlobalSection(SolutionProperties) = preSolution
		HideSolutionNode = FALSE
	EndGlobalSection
	GlobalSection(ExtensibilityGlobals) = postSolution
		SolutionGuid = {CDA27946-21E7-4742-892C-DD8CEA8785D0}
	EndGlobalSection
EndGlobal
